
Microsoft Visual Studio Solution File, Format Version 12.00
# Visual Studio 15
VisualStudioVersion = 15.0.28307.271
MinimumVisualStudioVersion = 10.0.40219.1
Project("{FAE04EC0-301F-11D3-BF4B-00C04F79EFBC}") = "HttpRequestHelper", "HttpRequestHelper\HttpRequestHelper.csproj", "{A13AF3FC-4BC2-4E10-8E89-198DB066EA65}"
EndProject
Global
	GlobalSection(SolutionConfigurationPlatforms) = preSolution
		Debug|Any CPU = Debug|Any CPU
		Release|Any CPU = Release|Any CPU
	EndGlobalSection
	GlobalSection(ProjectConfigurationPlatforms) = postSolution
		{A13AF3FC-4BC2-4E10-8E89-198DB066EA65}.Debug|Any CPU.ActiveCfg = Debug|Any CPU
		{A13AF3FC-4BC2-4E10-8E89-198DB066EA65}.Debug|Any CPU.Build.0 = Debug|Any CPU
		{A13AF3FC-4BC2-4E10-8E89-198DB066EA65}.Release|Any CPU.ActiveCfg = Release|Any CPU
		{A13AF3FC-4BC2-4E10-8E89-198DB066EA65}.Release|Any CPU.Build.0 = Release|Any CPU
	EndGlobalSection
	GlobalSection(SolutionProperties) = preSolution
		HideSolutionNode = FALSE
	EndGlobalSection
	GlobalSection(ExtensibilityGlobals) = postSolution
		SolutionGuid = {8AEA280E-7D79-4E7A-A05E-EDE1B5C9D622}
	EndGlobalSection
EndGlobal
